Microsoft Visual Studio Solution File, Format Version 12.00
# Visual Studio Version 17
VisualStudioVersion = 17.0.31903.59
MinimumVisualStudioVersion = 10.0.40219.1
Project("{FAE04EC0-301F-11D3-BF4B-00C04F79EFBC}") = "Trading.Framework.Core", "Trading.Framework.Core\Trading.Framework.Core.csproj", "{A6483C63-C3DD-4B83-BB59-37B195CC19A6}"
EndProject
Project("{FAE04EC0-301F-11D3-BF4B-00C04F79EFBC}") = "Trading.Framework.Application", "Trading.Framework.Application\Trading.Framework.Application.csproj", "{964F725A-EC87-4FA5-BA5B-219DD55EBAA0}"
EndProject
Project("{FAE04EC0-301F-11D3-BF4B-00C04F79EFBC}") = "Trading.Framework.Infrastructure", "Trading.Framework.Infrastructure\Trading.Framework.Infrastructure.csproj", "{091516DD-EAF0-4CD1-9388-6504543250E0}"
EndProject
Project("{FAE04EC0-301F-11D3-BF4B-00C04F79EFBC}") = "Trading.Framework.Console", "Trading.Framework.Console\Trading.Framework.Console.csproj", "{A34B7AC5-D8E8-4829-8889-4D32FBB4A477}"
EndProject
Project("{FAE04EC0-301F-11D3-BF4B-00C04F79EFBC}") = "Trading.Framework.Web", "Trading.Framework.Web\Trading.Framework.Web.csproj", "{005DBFDD-D796-4B02-BA09-D18DB2BF302C}"
EndProject
Project("{FAE04EC0-301F-11D3-BF4B-00C04F79EFBC}") = "Trading.Framework.Tests", "Trading.Framework.Tests\Trading.Framework.Tests.csproj", "{9141F8E7-A98D-4938-9ACF-E29878F292EF}"
EndProject
Global
	GlobalSection(SolutionConfigurationPlatforms) = preSolution
		Debug|Any CPU = Debug|Any CPU
		Release|Any CPU = Release|Any CPU
	EndGlobalSection
	GlobalSection(ProjectConfigurationPlatforms) = postSolution
		{A6483C63-C3DD-4B83-BB59-37B195CC19A6}.Debug|Any CPU.ActiveCfg = Debug|Any CPU
		{A6483C63-C3DD-4B83-BB59-37B195CC19A6}.Debug|Any CPU.Build.0 = Debug|Any CPU
		{A6483C63-C3DD-4B83-BB59-37B195CC19A6}.Release|Any CPU.ActiveCfg = Release|Any CPU
		{A6483C63-C3DD-4B83-BB59-37B195CC19A6}.Release|Any CPU.Build.0 = Release|Any CPU
		{964F725A-EC87-4FA5-BA5B-219DD55EBAA0}.Debug|Any CPU.ActiveCfg = Debug|Any CPU
		{964F725A-EC87-4FA5-BA5B-219DD55EBAA0}.Debug|Any CPU.Build.0 = Debug|Any CPU
		{964F725A-EC87-4FA5-BA5B-219DD55EBAA0}.Release|Any CPU.ActiveCfg = Release|Any CPU
		{964F725A-EC87-4FA5-BA5B-219DD55EBAA0}.Release|Any CPU.Build.0 = Release|Any CPU
		{091516DD-EAF0-4CD1-9388-6504543250E0}.Debug|Any CPU.ActiveCfg = Debug|Any CPU
		{091516DD-EAF0-4CD1-9388-6504543250E0}.Debug|Any CPU.Build.0 = Debug|Any CPU
		{091516DD-EAF0-4CD1-9388-6504543250E0}.Release|Any CPU.ActiveCfg = Release|Any CPU
		{091516DD-EAF0-4CD1-9388-6504543250E0}.Release|Any CPU.Build.0 = Release|Any CPU
		{A34B7AC5-D8E8-4829-8889-4D32FBB4A477}.Debug|Any CPU.ActiveCfg = Debug|Any CPU
		{A34B7AC5-D8E8-4829-8889-4D32FBB4A477}.Debug|Any CPU.Build.0 = Debug|Any CPU
		{A34B7AC5-D8E8-4829-8889-4D32FBB4A477}.Release|Any CPU.ActiveCfg = Release|Any CPU
		{A34B7AC5-D8E8-4829-8889-4D32FBB4A477}.Release|Any CPU.Build.0 = Release|Any CPU
		{005DBFDD-D796-4B02-BA09-D18DB2BF302C}.Debug|Any CPU.ActiveCfg = Debug|Any CPU
		{005DBFDD-D796-4B02-BA09-D18DB2BF302C}.Debug|Any CPU.Build.0 = Debug|Any CPU
		{005DBFDD-D796-4B02-BA09-D18DB2BF302C}.Release|Any CPU.ActiveCfg = Release|Any CPU
		{005DBFDD-D796-4B02-BA09-D18DB2BF302C}.Release|Any CPU.Build.0 = Release|Any CPU
		{9141F8E7-A98D-4938-9ACF-E29878F292EF}.Debug|Any CPU.ActiveCfg = Debug|Any CPU
		{9141F8E7-A98D-4938-9ACF-E29878F292EF}.Debug|Any CPU.Build.0 = Debug|Any CPU
		{9141F8E7-A98D-4938-9ACF-E29878F292EF}.Release|Any CPU.ActiveCfg = Release|Any CPU
		{9141F8E7-A98D-4938-9ACF-E29878F292EF}.Release|Any CPU.Build.0 = Release|Any CPU
	EndGlobalSection
	GlobalSection(SolutionProperties) = preSolution
		HideSolutionNode = FALSE
	EndGlobalSection
EndGlobal
